lockfileVersion: 5.4

specifiers:
  '@nestjs/common': ^9.0.8
  rxjs: ^7.5.6
  typescript: ^4.7.4

dependencies:
  '@nestjs/common': 9.0.8_rxjs@7.5.6
  rxjs: 7.5.6

devDependencies:
  typescript: 4.7.4

packages:

  /@nestjs/common/9.0.8_rxjs@7.5.6:
    resolution: {integrity: sha512-x6+qGRnTEZmg0jzqPUW8uPCK6qPjc7JGmeHszZOso1YCCKNiqaCM4NY6ndbl2Of3kWSpq3qE4thCmuZ/4DwBQA==}
    peerDependencies:
      cache-manager: '*'
      class-transformer: '*'
      class-validator: '*'
      reflect-metadata: ^0.1.12
      rxjs: ^7.1.0
    peerDependenciesMeta:
      cache-manager:
        optional: true
      class-transformer:
        optional: true
      class-validator:
        optional: true
    dependencies:
      iterare: 1.2.1
      rxjs: 7.5.6
      tslib: 2.4.0
      uuid: 8.3.2
    dev: false

  /iterare/1.2.1:
    resolution: {integrity: sha512-RKYVTCjAnRthyJes037NX/IiqeidgN1xc3j1RjFfECFp28A1GVwK9nA+i0rJPaHqSZwygLzRnFlzUuHFoWWy+Q==}
    engines: {node: '>=6'}
    dev: false

  /rxjs/7.5.6:
    resolution: {integrity: sha512-dnyv2/YsXhnm461G+R/Pe5bWP41Nm6LBXEYWI6eiFP4fiwx6WRI/CD0zbdVAudd9xwLEF2IDcKXLHit0FYjUzw==}
    dependencies:
      tslib: 2.4.0
    dev: false

  /tslib/2.4.0:
    resolution: {integrity: sha512-d6xOpEDfsi2CZVlPQzGeux8XMwLT9hssAsaPYExaQMuYskwb+x1x7J371tWlbBdWHroy99KnVB6qIkUbs5X3UQ==}
    dev: false

  /typescript/4.7.4:
    resolution: {integrity: sha512-C0WQT0gezHuw6AdY1M2jxUO83Rjf0HP7Sk1DtXj6j1EwkQNZrHAg2XPWlq62oqEhYvONq5pkC2Y9oPljWToLmQ==}
    engines: {node: '>=4.2.0'}
    hasBin: true
    dev: true

  /uuid/8.3.2:
    resolution: {integrity: sha512-+NYs2QeMWy+GWFOEm9xnn6HCDp0l7QBD7ml8zLUmJ+93Q5NF0NocErnwkTkXVFNiX3/fpC6afS8Dhb/gz7R7eg==}
    hasBin: true
    dev: false
